
Microsoft Visual Studio Solution File, Format Version 12.00
# Visual Studio 15
VisualStudioVersion = 15.0.28010.2003
MinimumVisualStudioVersion = 10.0.40219.1
Project("{FAE04EC0-301F-11D3-BF4B-00C04F79EFBC}") = "HalloWPF", "HalloWPF\HalloWPF.csproj", "{8F64A7A7-B31F-4C01-B942-0A928A479223}"
EndProject
Project("{FAE04EC0-301F-11D3-BF4B-00C04F79EFBC}") = "LayoutUndSteuerelemente", "LayoutUndSteuerelemente\LayoutUndSteuerelemente.csproj", "{6609F3EF-C8A3-419D-99D0-ACE594E9CA5B}"
EndProject
Project("{FAE04EC0-301F-11D3-BF4B-00C04F79EFBC}") = "Ressourcen", "Ressourcen\Ressourcen.csproj", "{27FCF473-8D9E-4164-ADED-2EF8A1FA804D}"
EndProject
Project("{FAE04EC0-301F-11D3-BF4B-00C04F79EFBC}") = "StyleDemo", "StyleDemo\StyleDemo.csproj", "{EF81D370-6A56-4CE5-A3D1-4840B16E1AB4}"
EndProject
Project("{FAE04EC0-301F-11D3-BF4B-00C04F79EFBC}") = "SpezialSliderTemplate", "SpezialSliderTemplate\SpezialSliderTemplate.csproj", "{74C65786-E4D7-4038-B967-45FCC5B663D1}"
EndProject
Global
	GlobalSection(SolutionConfigurationPlatforms) = preSolution
		Debug|Any CPU = Debug|Any CPU
		Release|Any CPU = Release|Any CPU
	EndGlobalSection
	GlobalSection(ProjectConfigurationPlatforms) = postSolution
		{8F64A7A7-B31F-4C01-B942-0A928A479223}.Debug|Any CPU.ActiveCfg = Debug|Any CPU
		{8F64A7A7-B31F-4C01-B942-0A928A479223}.Debug|Any CPU.Build.0 = Debug|Any CPU
		{8F64A7A7-B31F-4C01-B942-0A928A479223}.Release|Any CPU.ActiveCfg = Release|Any CPU
		{8F64A7A7-B31F-4C01-B942-0A928A479223}.Release|Any CPU.Build.0 = Release|Any CPU
		{6609F3EF-C8A3-419D-99D0-ACE594E9CA5B}.Debug|Any CPU.ActiveCfg = Debug|Any CPU
		{6609F3EF-C8A3-419D-99D0-ACE594E9CA5B}.Debug|Any CPU.Build.0 = Debug|Any CPU
		{6609F3EF-C8A3-419D-99D0-ACE594E9CA5B}.Release|Any CPU.ActiveCfg = Release|Any CPU
		{6609F3EF-C8A3-419D-99D0-ACE594E9CA5B}.Release|Any CPU.Build.0 = Release|Any CPU
		{27FCF473-8D9E-4164-ADED-2EF8A1FA804D}.Debug|Any CPU.ActiveCfg = Debug|Any CPU
		{27FCF473-8D9E-4164-ADED-2EF8A1FA804D}.Debug|Any CPU.Build.0 = Debug|Any CPU
		{27FCF473-8D9E-4164-ADED-2EF8A1FA804D}.Release|Any CPU.ActiveCfg = Release|Any CPU
		{27FCF473-8D9E-4164-ADED-2EF8A1FA804D}.Release|Any CPU.Build.0 = Release|Any CPU
		{EF81D370-6A56-4CE5-A3D1-4840B16E1AB4}.Debug|Any CPU.ActiveCfg = Debug|Any CPU
		{EF81D370-6A56-4CE5-A3D1-4840B16E1AB4}.Debug|Any CPU.Build.0 = Debug|Any CPU
		{EF81D370-6A56-4CE5-A3D1-4840B16E1AB4}.Release|Any CPU.ActiveCfg = Release|Any CPU
		{EF81D370-6A56-4CE5-A3D1-4840B16E1AB4}.Release|Any CPU.Build.0 = Release|Any CPU
		{74C65786-E4D7-4038-B967-45FCC5B663D1}.Debug|Any CPU.ActiveCfg = Debug|Any CPU
		{74C65786-E4D7-4038-B967-45FCC5B663D1}.Debug|Any CPU.Build.0 = Debug|Any CPU
		{74C65786-E4D7-4038-B967-45FCC5B663D1}.Release|Any CPU.ActiveCfg = Release|Any CPU
		{74C65786-E4D7-4038-B967-45FCC5B663D1}.Release|Any CPU.Build.0 = Release|Any CPU
	EndGlobalSection
	GlobalSection(SolutionProperties) = preSolution
		HideSolutionNode = FALSE
	EndGlobalSection
	GlobalSection(ExtensibilityGlobals) = postSolution
		SolutionGuid = {0B4DD202-D589-42BC-A211-853D67C2727B}
	EndGlobalSection
EndGlobal
